
Microsoft Visual Studio Solution File, Format Version 12.00
# Visual Studio Version 16
VisualStudioVersion = 16.0.29102.190
MinimumVisualStudioVersion = 10.0.40219.1
Project("{FAE04EC0-301F-11D3-BF4B-00C04F79EFBC}") = "MySamurai.Data", "MySamurai.Data\MySamurai.Data.csproj", "{22D48390-3EF4-4677-A9D1-6405368D7A1E}"
EndProject
Project("{FAE04EC0-301F-11D3-BF4B-00C04F79EFBC}") = "MySamurai.Domain", "MySamurai.Domain\MySamurai.Domain.csproj", "{A062AA89-EEFB-4EE7-B114-966C7ABDF0CC}"
EndProject
Project("{FAE04EC0-301F-11D3-BF4B-00C04F79EFBC}") = "MySamurai.App", "MySamurai.App\MySamurai.App.csproj", "{1F61A2C3-FF3E-4046-A83A-A246B33D2442}"
EndProject
Global
	GlobalSection(SolutionConfigurationPlatforms) = preSolution
		Debug|Any CPU = Debug|Any CPU
		Release|Any CPU = Release|Any CPU
	EndGlobalSection
	GlobalSection(ProjectConfigurationPlatforms) = postSolution
		{22D48390-3EF4-4677-A9D1-6405368D7A1E}.Debug|Any CPU.ActiveCfg = Debug|Any CPU
		{22D48390-3EF4-4677-A9D1-6405368D7A1E}.Debug|Any CPU.Build.0 = Debug|Any CPU
		{22D48390-3EF4-4677-A9D1-6405368D7A1E}.Release|Any CPU.ActiveCfg = Release|Any CPU
		{22D48390-3EF4-4677-A9D1-6405368D7A1E}.Release|Any CPU.Build.0 = Release|Any CPU
		{A062AA89-EEFB-4EE7-B114-966C7ABDF0CC}.Debug|Any CPU.ActiveCfg = Debug|Any CPU
		{A062AA89-EEFB-4EE7-B114-966C7ABDF0CC}.Debug|Any CPU.Build.0 = Debug|Any CPU
		{A062AA89-EEFB-4EE7-B114-966C7ABDF0CC}.Release|Any CPU.ActiveCfg = Release|Any CPU
		{A062AA89-EEFB-4EE7-B114-966C7ABDF0CC}.Release|Any CPU.Build.0 = Release|Any CPU
		{1F61A2C3-FF3E-4046-A83A-A246B33D2442}.Debug|Any CPU.ActiveCfg = Debug|Any CPU
		{1F61A2C3-FF3E-4046-A83A-A246B33D2442}.Debug|Any CPU.Build.0 = Debug|Any CPU
		{1F61A2C3-FF3E-4046-A83A-A246B33D2442}.Release|Any CPU.ActiveCfg = Release|Any CPU
		{1F61A2C3-FF3E-4046-A83A-A246B33D2442}.Release|Any CPU.Build.0 = Release|Any CPU
	EndGlobalSection
	GlobalSection(SolutionProperties) = preSolution
		HideSolutionNode = FALSE
	EndGlobalSection
	GlobalSection(ExtensibilityGlobals) = postSolution
		SolutionGuid = {B8DA7E13-2073-475B-96A1-3EBEE29D3B3F}
	EndGlobalSection
EndGlobal
